
Microsoft Visual Studio Solution File, Format Version 10.00
# Visual Studio 2008
Project("{8BC9CEB8-8B4A-11D0-8D11-00A0C91BC942}") = "nvpr_hello_world", "nvpr_hello_world\nvpr_hello_world_2008.vcproj", "{90F28F30-B6A5-4002-918B-81787F85350D}"
	ProjectSection(ProjectDependencies) = postProject
		{47C9817F-F497-45BF-90E6-5857F3128042} = {47C9817F-F497-45BF-90E6-5857F3128042}
	EndProjectSection
EndProject
Project("{8BC9CEB8-8B4A-11D0-8D11-00A0C91BC942}") = "nvpr_korean", "nvpr_korean\nvpr_korean_2008.vcproj", "{5A9A9A64-58D5-4DFD-AF5F-B268B49D95DC}"
	ProjectSection(ProjectDependencies) = postProject
		{47C9817F-F497-45BF-90E6-5857F3128042} = {47C9817F-F497-45BF-90E6-5857F3128042}
	EndProjectSection
EndProject
Project("{8BC9CEB8-8B4A-11D0-8D11-00A0C91BC942}") = "nvpr_basic", "nvpr_basic\nvpr_basic_2008.vcproj", "{8F52F831-A623-442F-AFC0-E552D6A48C54}"
	ProjectSection(ProjectDependencies) = postProject
		{47C9817F-F497-45BF-90E6-5857F3128042} = {47C9817F-F497-45BF-90E6-5857F3128042}
	EndProjectSection
EndProject
Project("{8BC9CEB8-8B4A-11D0-8D11-00A0C91BC942}") = "nvpr_tiger", "nvpr_tiger\nvpr_tiger_2008.vcproj", "{2E9A1C8B-6A3D-4D1F-A654-C95AB733EF47}"
	ProjectSection(ProjectDependencies) = postProject
		{47C9817F-F497-45BF-90E6-5857F3128042} = {47C9817F-F497-45BF-90E6-5857F3128042}
		{05FFADE4-2B93-C899-00CA-AA717CA7A077} = {05FFADE4-2B93-C899-00CA-AA717CA7A077}
	EndProjectSection
EndProject
Project("{8BC9CEB8-8B4A-11D0-8D11-00A0C91BC942}") = "glewlib", "glew\glewlib_2008.vcproj", "{05FFADE4-2B93-C899-00CA-AA717CA7A077}"
EndProject
Project("{8BC9CEB8-8B4A-11D0-8D11-00A0C91BC942}") = "nvpr_welsh_dragon", "nvpr_welsh_dragon\nvpr_welsh_dragon_2008.vcproj", "{38FD9BD2-FCEC-4E6B-A428-4EBFBA657F8C}"
	ProjectSection(ProjectDependencies) = postProject
		{47C9817F-F497-45BF-90E6-5857F3128042} = {47C9817F-F497-45BF-90E6-5857F3128042}
		{05FFADE4-2B93-C899-00CA-AA717CA7A077} = {05FFADE4-2B93-C899-00CA-AA717CA7A077}
	EndProjectSection
EndProject
Project("{8BC9CEB8-8B4A-11D0-8D11-00A0C91BC942}") = "nvpr_gradient", "nvpr_gradient\nvpr_gradient_2008.vcproj", "{9A8F98E7-3B7C-4F6D-AA9B-23372F4EFCAC}"
	ProjectSection(ProjectDependencies) = postProject
		{47C9817F-F497-45BF-90E6-5857F3128042} = {47C9817F-F497-45BF-90E6-5857F3128042}
		{05FFADE4-2B93-C899-00CA-AA717CA7A077} = {05FFADE4-2B93-C899-00CA-AA717CA7A077}
	EndProjectSection
EndProject
Project("{8BC9CEB8-8B4A-11D0-8D11-00A0C91BC942}") = "nvpr_font_file", "nvpr_font_file\nvpr_font_file_2008.vcproj", "{61069691-4F44-4256-8B70-F427FF322316}"
	ProjectSection(ProjectDependencies) = postProject
		{47C9817F-F497-45BF-90E6-5857F3128042} = {47C9817F-F497-45BF-90E6-5857F3128042}
		{05FFADE4-2B93-C899-00CA-AA717CA7A077} = {05FFADE4-2B93-C899-00CA-AA717CA7A077}
	EndProjectSection
EndProject
Project("{8BC9CEB8-8B4A-11D0-8D11-00A0C91BC942}") = "nvpr_text_wheel", "nvpr_text_wheel\nvpr_text_wheel_2008.vcproj", "{F7503B37-0A2E-44C0-98B2-6323B005CF1F}"
	ProjectSection(ProjectDependencies) = postProject
		{47C9817F-F497-45BF-90E6-5857F3128042} = {47C9817F-F497-45BF-90E6-5857F3128042}
		{DD69089E-81D7-4BB2-8A3D-CBE3C94A8684} = {DD69089E-81D7-4BB2-8A3D-CBE3C94A8684}
		{05FFADE4-2B93-C899-00CA-AA717CA7A077} = {05FFADE4-2B93-C899-00CA-AA717CA7A077}
	EndProjectSection
EndProject
Project("{8BC9CEB8-8B4A-11D0-8D11-00A0C91BC942}") = "cg4cpp", "cg4cpp\src\cg4cpp_2008.vcproj", "{DD69089E-81D7-4BB2-8A3D-CBE3C94A8684}"
EndProject
Project("{8BC9CEB8-8B4A-11D0-8D11-00A0C91BC942}") = "nvpr_svg", "nvpr_svg\nvpr_svg_2008.vcproj", "{3E38CF8C-A0E7-2883-9D95-AE9F1835AE41}"
	ProjectSection(ProjectDependencies) = postProject
		{4BBC2643-70C2-4E6E-B031-0513117C26DE} = {4BBC2643-70C2-4E6E-B031-0513117C26DE}
		{B7760B5E-BFA8-486B-ACFD-49E3A6DE8E76} = {B7760B5E-BFA8-486B-ACFD-49E3A6DE8E76}
		{47C9817F-F497-45BF-90E6-5857F3128042} = {47C9817F-F497-45BF-90E6-5857F3128042}
		{A20D3F81-B5D7-42EF-6F06-8C83EB85D193} = {A20D3F81-B5D7-42EF-6F06-8C83EB85D193}
		{C3E8CA88-0A74-42D2-A35A-5C679D046A5D} = {C3E8CA88-0A74-42D2-A35A-5C679D046A5D}
		{DD69089E-81D7-4BB2-8A3D-CBE3C94A8684} = {DD69089E-81D7-4BB2-8A3D-CBE3C94A8684}
		{4D8956A7-545C-D682-0F42-47158B3928C6} = {4D8956A7-545C-D682-0F42-47158B3928C6}
		{3A0016AA-AC89-6CC6-3EF1-AFE5DCD5B8E6} = {3A0016AA-AC89-6CC6-3EF1-AFE5DCD5B8E6}
		{AF856AAE-D5FE-5F74-FC73-5ED5B1DF40EB} = {AF856AAE-D5FE-5F74-FC73-5ED5B1DF40EB}
		{F8F0BCC4-F7F9-4CB9-B90F-126D905332CD} = {F8F0BCC4-F7F9-4CB9-B90F-126D905332CD}
		{05FFADE4-2B93-C899-00CA-AA717CA7A077} = {05FFADE4-2B93-C899-00CA-AA717CA7A077}
		{F20EF7EF-C145-53CA-920E-F55DE550D2E0} = {F20EF7EF-C145-53CA-920E-F55DE550D2E0}
	EndProjectSection
EndProject
Project("{8BC9CEB8-8B4A-11D0-8D11-00A0C91BC942}") = "cairo-1.9.6", "cairo-1.9.6\cairo-1.9.6_2008.vcproj", "{C3E8CA88-0A74-42D2-A35A-5C679D046A5D}"
EndProject
Project("{8BC9CEB8-8B4A-11D0-8D11-00A0C91BC942}") = "pixman-0.18.2", "pixman-0.18.2\pixman-0.18.2_2008.vcproj", "{F8F0BCC4-F7F9-4CB9-B90F-126D905332CD}"
EndProject
Project("{8BC9CEB8-8B4A-11D0-8D11-00A0C91BC942}") = "openvg_ri", "openvg-1_1-ri\ri_package\ri\openvg_ri_2008.vcproj", "{4BBC2643-70C2-4E6E-B031-0513117C26DE}"
EndProject
Project("{8BC9CEB8-8B4A-11D0-8D11-00A0C91BC942}") = "nvpr_tiger3d", "nvpr_tiger3d\nvpr_tiger3d_2008.vcproj", "{54B29F3A-B8C5-4EA3-A252-B3797471B8E9}"
	ProjectSection(ProjectDependencies) = postProject
		{47C9817F-F497-45BF-90E6-5857F3128042} = {47C9817F-F497-45BF-90E6-5857F3128042}
		{DD69089E-81D7-4BB2-8A3D-CBE3C94A8684} = {DD69089E-81D7-4BB2-8A3D-CBE3C94A8684}
		{05FFADE4-2B93-C899-00CA-AA717CA7A077} = {05FFADE4-2B93-C899-00CA-AA717CA7A077}
	EndProjectSection
EndProject
Project("{8BC9CEB8-8B4A-11D0-8D11-00A0C91BC942}") = "nvpr_shaders", "nvpr_shaders\nvpr_shaders_2008.vcproj", "{83476ED4-A4BA-467A-BEA0-8A3A2D59648C}"
	ProjectSection(ProjectDependencies) = postProject
		{47C9817F-F497-45BF-90E6-5857F3128042} = {47C9817F-F497-45BF-90E6-5857F3128042}
		{05FFADE4-2B93-C899-00CA-AA717CA7A077} = {05FFADE4-2B93-C899-00CA-AA717CA7A077}
	EndProjectSection
EndProject
Project("{8BC9CEB8-8B4A-11D0-8D11-00A0C91BC942}") = "nvpr_warp_tiger", "nvpr_warp_tiger\nvpr_warp_tiger_2008.vcproj", "{F328BD75-1300-475A-96A1-3A1757263F12}"
	ProjectSection(ProjectDependencies) = postProject
		{47C9817F-F497-45BF-90E6-5857F3128042} = {47C9817F-F497-45BF-90E6-5857F3128042}
		{DD69089E-81D7-4BB2-8A3D-CBE3C94A8684} = {DD69089E-81D7-4BB2-8A3D-CBE3C94A8684}
		{05FFADE4-2B93-C899-00CA-AA717CA7A077} = {05FFADE4-2B93-C899-00CA-AA717CA7A077}
	EndProjectSection
EndProject
Project("{8BC9CEB8-8B4A-11D0-8D11-00A0C91BC942}") = "nvpr_pick", "nvpr_pick\nvpr_pick_2008.vcproj", "{A503279C-0DF6-4E84-A396-66E930D0EE04}"
	ProjectSection(ProjectDependencies) = postProject
		{47C9817F-F497-45BF-90E6-5857F3128042} = {47C9817F-F497-45BF-90E6-5857F3128042}
		{DD69089E-81D7-4BB2-8A3D-CBE3C94A8684} = {DD69089E-81D7-4BB2-8A3D-CBE3C94A8684}
		{05FFADE4-2B93-C899-00CA-AA717CA7A077} = {05FFADE4-2B93-C899-00CA-AA717CA7A077}
	EndProjectSection
EndProject
Project("{8BC9CEB8-8B4A-11D0-8D11-00A0C91BC942}") = "nvpr_whitepaper", "nvpr_whitepaper\nvpr_whitepaper_2008.vcproj", "{80B4D02B-CFDD-49AF-A6C8-914993E58FD2}"
	ProjectSection(ProjectDependencies) = postProject
		{47C9817F-F497-45BF-90E6-5857F3128042} = {47C9817F-F497-45BF-90E6-5857F3128042}
	EndProjectSection
EndProject
Project("{8BC9CEB8-8B4A-11D0-8D11-00A0C91BC942}") = "nvpr_cursive", "nvpr_cursive\nvpr_cursive_2008.vcproj", "{B45F7CE3-E5E6-4510-847F-5BAC039E1F19}"
	ProjectSection(ProjectDependencies) = postProject
		{47C9817F-F497-45BF-90E6-5857F3128042} = {47C9817F-F497-45BF-90E6-5857F3128042}
		{05FFADE4-2B93-C899-00CA-AA717CA7A077} = {05FFADE4-2B93-C899-00CA-AA717CA7A077}
	EndProjectSection
EndProject
Project("{8BC9CEB8-8B4A-11D0-8D11-00A0C91BC942}") = "miniDXUT", "miniDXUT\miniDXUT_2008.vcproj", "{942A72D4-0E2C-1CB9-C878-7EEAA710E9EB}"
EndProject
Project("{8BC9CEB8-8B4A-11D0-8D11-00A0C91BC942}") = "nvpr_dx9", "nvpr_dx9\nvpr_dx9_2008.vcproj", "{6A61E2F1-D314-4C0D-9721-14BC1747EF36}"
	ProjectSection(ProjectDependencies) = postProject
		{942A72D4-0E2C-1CB9-C878-7EEAA710E9EB} = {942A72D4-0E2C-1CB9-C878-7EEAA710E9EB}
		{05FFADE4-2B93-C899-00CA-AA717CA7A077} = {05FFADE4-2B93-C899-00CA-AA717CA7A077}
	EndProjectSection
EndProject
Project("{2150E333-8FDC-42A3-9474-1A3956D46DE8}") = "third_party", "third_party", "{C178ED2E-340F-4256-BE30-0B280B531AF5}"
EndProject
Project("{8BC9CEB8-8B4A-11D0-8D11-00A0C91BC942}") = "glutstatic", "glut\glut_2008.vcproj", "{47C9817F-F497-45BF-90E6-5857F3128042}"
EndProject
Project("{2150E333-8FDC-42A3-9474-1A3956D46DE8}") = "Skia", "Skia", "{21D62F7D-C196-4917-9D78-ABF8AEA96177}"
EndProject
Project("{8BC9CEB8-8B4A-11D0-8D11-00A0C91BC942}") = "core", "skia\out\gyp\core_2008.vcproj", "{B7760B5E-BFA8-486B-ACFD-49E3A6DE8E76}"
EndProject
Project("{8BC9CEB8-8B4A-11D0-8D11-00A0C91BC942}") = "effects", "skia\out\gyp\effects_2008.vcproj", "{AF856AAE-D5FE-5F74-FC73-5ED5B1DF40EB}"
EndProject
Project("{8BC9CEB8-8B4A-11D0-8D11-00A0C91BC942}") = "gr", "skia\out\gyp\gr_2008.vcproj", "{4D8956A7-545C-D682-0F42-47158B3928C6}"
EndProject
Project("{8BC9CEB8-8B4A-11D0-8D11-00A0C91BC942}") = "opts", "skia\out\gyp\opts_2008.vcproj", "{A20D3F81-B5D7-42EF-6F06-8C83EB85D193}"
EndProject
Project("{8BC9CEB8-8B4A-11D0-8D11-00A0C91BC942}") = "skgr", "skia\out\gyp\skgr_2008.vcproj", "{3A0016AA-AC89-6CC6-3EF1-AFE5DCD5B8E6}"
EndProject
Project("{8BC9CEB8-8B4A-11D0-8D11-00A0C91BC942}") = "ports", "skia\out\gyp\ports_2008.vcproj", "{F20EF7EF-C145-53CA-920E-F55DE550D2E0}"
EndProject
Project("{8BC9CEB8-8B4A-11D0-8D11-00A0C91BC942}") = "nvpr_cmyk", "nvpr_cmyk\nvpr_cmyk_2008.vcproj", "{C2C9D8E4-BD22-451A-86C0-3DC542D95E57}"
EndProject
Project("{8BC9CEB8-8B4A-11D0-8D11-00A0C91BC942}") = "nvpr_glsl", "nvpr_glsl\nvpr_glsl_2008.vcproj", "{2C2F683A-D8A0-4243-ABA9-F25402D5BB70}"
EndProject
Project("{8BC9CEB8-8B4A-11D0-8D11-00A0C91BC942}") = "nvpr_morph", "nvpr_morph\nvpr_morph_2008.vcproj", "{4DE64DE5-23E0-4B76-AD76-AD5CB18E4CE9}"
EndProject
Project("{8BC9CEB8-8B4A-11D0-8D11-00A0C91BC942}") = "fms_shape", "fms_shape\fms_shape_2008.vcproj", "{53D72B01-A8BD-4273-A8D9-01A89C768063}"
EndProject
Project("{8BC9CEB8-8B4A-11D0-8D11-00A0C91BC942}") = "nvpr_tiger_fms", "nvpr_tiger_fms\nvpr_tiger_fms_2008.vcproj", "{58BF83ED-41A3-4456-A651-9BA4202A6FE0}"
EndProject
Global
	GlobalSection(SolutionConfigurationPlatforms) = preSolution
		Debug|Win32 = Debug|Win32
		Debug|x64 = Debug|x64
		Release|Win32 = Release|Win32
		Release|x64 = Release|x64
	EndGlobalSection
	GlobalSection(ProjectConfigurationPlatforms) = postSolution
		{90F28F30-B6A5-4002-918B-81787F85350D}.Debug|Win32.ActiveCfg = Debug|Win32
		{90F28F30-B6A5-4002-918B-81787F85350D}.Debug|Win32.Build.0 = Debug|Win32
		{90F28F30-B6A5-4002-918B-81787F85350D}.Debug|x64.ActiveCfg = Debug|x64
		{90F28F30-B6A5-4002-918B-81787F85350D}.Debug|x64.Build.0 = Debug|x64
		{90F28F30-B6A5-4002-918B-81787F85350D}.Release|Win32.ActiveCfg = Release|Win32
		{90F28F30-B6A5-4002-918B-81787F85350D}.Release|Win32.Build.0 = Release|Win32
		{90F28F30-B6A5-4002-918B-81787F85350D}.Release|x64.ActiveCfg = Release|x64
		{90F28F30-B6A5-4002-918B-81787F85350D}.Release|x64.Build.0 = Release|x64
		{5A9A9A64-58D5-4DFD-AF5F-B268B49D95DC}.Debug|Win32.ActiveCfg = Debug|Win32
		{5A9A9A64-58D5-4DFD-AF5F-B268B49D95DC}.Debug|Win32.Build.0 = Debug|Win32
		{5A9A9A64-58D5-4DFD-AF5F-B268B49D95DC}.Debug|x64.ActiveCfg = Debug|x64
		{5A9A9A64-58D5-4DFD-AF5F-B268B49D95DC}.Debug|x64.Build.0 = Debug|x64
		{5A9A9A64-58D5-4DFD-AF5F-B268B49D95DC}.Release|Win32.ActiveCfg = Release|Win32
		{5A9A9A64-58D5-4DFD-AF5F-B268B49D95DC}.Release|Win32.Build.0 = Release|Win32
		{5A9A9A64-58D5-4DFD-AF5F-B268B49D95DC}.Release|x64.ActiveCfg = Release|x64
		{5A9A9A64-58D5-4DFD-AF5F-B268B49D95DC}.Release|x64.Build.0 = Release|x64
		{8F52F831-A623-442F-AFC0-E552D6A48C54}.Debug|Win32.ActiveCfg = Debug|Win32
		{8F52F831-A623-442F-AFC0-E552D6A48C54}.Debug|Win32.Build.0 = Debug|Win32
		{8F52F831-A623-442F-AFC0-E552D6A48C54}.Debug|x64.ActiveCfg = Debug|x64
		{8F52F831-A623-442F-AFC0-E552D6A48C54}.Debug|x64.Build.0 = Debug|x64
		{8F52F831-A623-442F-AFC0-E552D6A48C54}.Release|Win32.ActiveCfg = Release|Win32
		{8F52F831-A623-442F-AFC0-E552D6A48C54}.Release|Win32.Build.0 = Release|Win32
		{8F52F831-A623-442F-AFC0-E552D6A48C54}.Release|x64.ActiveCfg = Release|x64
		{8F52F831-A623-442F-AFC0-E552D6A48C54}.Release|x64.Build.0 = Release|x64
		{2E9A1C8B-6A3D-4D1F-A654-C95AB733EF47}.Debug|Win32.ActiveCfg = Debug|Win32
		{2E9A1C8B-6A3D-4D1F-A654-C95AB733EF47}.Debug|Win32.Build.0 = Debug|Win32
		{2E9A1C8B-6A3D-4D1F-A654-C95AB733EF47}.Debug|x64.ActiveCfg = Debug|x64
		{2E9A1C8B-6A3D-4D1F-A654-C95AB733EF47}.Debug|x64.Build.0 = Debug|x64
		{2E9A1C8B-6A3D-4D1F-A654-C95AB733EF47}.Release|Win32.ActiveCfg = Release|Win32
		{2E9A1C8B-6A3D-4D1F-A654-C95AB733EF47}.Release|Win32.Build.0 = Release|Win32
		{2E9A1C8B-6A3D-4D1F-A654-C95AB733EF47}.Release|x64.ActiveCfg = Release|x64
		{2E9A1C8B-6A3D-4D1F-A654-C95AB733EF47}.Release|x64.Build.0 = Release|x64
		{05FFADE4-2B93-C899-00CA-AA717CA7A077}.Debug|Win32.ActiveCfg = Debug|Win32
		{05FFADE4-2B93-C899-00CA-AA717CA7A077}.Debug|Win32.Build.0 = Debug|Win32
		{05FFADE4-2B93-C899-00CA-AA717CA7A077}.Debug|x64.ActiveCfg = Debug|x64
		{05FFADE4-2B93-C899-00CA-AA717CA7A077}.Debug|x64.Build.0 = Debug|x64
		{05FFADE4-2B93-C899-00CA-AA717CA7A077}.Release|Win32.ActiveCfg = Release|Win32
		{05FFADE4-2B93-C899-00CA-AA717CA7A077}.Release|Win32.Build.0 = Release|Win32
		{05FFADE4-2B93-C899-00CA-AA717CA7A077}.Release|x64.ActiveCfg = Release|x64
		{05FFADE4-2B93-C899-00CA-AA717CA7A077}.Release|x64.Build.0 = Release|x64
		{38FD9BD2-FCEC-4E6B-A428-4EBFBA657F8C}.Debug|Win32.ActiveCfg = Debug|Win32
		{38FD9BD2-FCEC-4E6B-A428-4EBFBA657F8C}.Debug|Win32.Build.0 = Debug|Win32
		{38FD9BD2-FCEC-4E6B-A428-4EBFBA657F8C}.Debug|x64.ActiveCfg = Debug|x64
		{38FD9BD2-FCEC-4E6B-A428-4EBFBA657F8C}.Debug|x64.Build.0 = Debug|x64
		{38FD9BD2-FCEC-4E6B-A428-4EBFBA657F8C}.Release|Win32.ActiveCfg = Release|Win32
		{38FD9BD2-FCEC-4E6B-A428-4EBFBA657F8C}.Release|Win32.Build.0 = Release|Win32
		{38FD9BD2-FCEC-4E6B-A428-4EBFBA657F8C}.Release|x64.ActiveCfg = Release|x64
		{38FD9BD2-FCEC-4E6B-A428-4EBFBA657F8C}.Release|x64.Build.0 = Release|x64
		{9A8F98E7-3B7C-4F6D-AA9B-23372F4EFCAC}.Debug|Win32.ActiveCfg = Debug|Win32
		{9A8F98E7-3B7C-4F6D-AA9B-23372F4EFCAC}.Debug|Win32.Build.0 = Debug|Win32
		{9A8F98E7-3B7C-4F6D-AA9B-23372F4EFCAC}.Debug|x64.ActiveCfg = Debug|x64
		{9A8F98E7-3B7C-4F6D-AA9B-23372F4EFCAC}.Debug|x64.Build.0 = Debug|x64
		{9A8F98E7-3B7C-4F6D-AA9B-23372F4EFCAC}.Release|Win32.ActiveCfg = Release|Win32
		{9A8F98E7-3B7C-4F6D-AA9B-23372F4EFCAC}.Release|Win32.Build.0 = Release|Win32
		{9A8F98E7-3B7C-4F6D-AA9B-23372F4EFCAC}.Release|x64.ActiveCfg = Release|x64
		{9A8F98E7-3B7C-4F6D-AA9B-23372F4EFCAC}.Release|x64.Build.0 = Release|x64
		{61069691-4F44-4256-8B70-F427FF322316}.Debug|Win32.ActiveCfg = Debug|Win32
		{61069691-4F44-4256-8B70-F427FF322316}.Debug|Win32.Build.0 = Debug|Win32
		{61069691-4F44-4256-8B70-F427FF322316}.Debug|x64.ActiveCfg = Debug|x64
		{61069691-4F44-4256-8B70-F427FF322316}.Debug|x64.Build.0 = Debug|x64
		{61069691-4F44-4256-8B70-F427FF322316}.Release|Win32.ActiveCfg = Release|Win32
		{61069691-4F44-4256-8B70-F427FF322316}.Release|Win32.Build.0 = Release|Win32
		{61069691-4F44-4256-8B70-F427FF322316}.Release|x64.ActiveCfg = Release|x64
		{61069691-4F44-4256-8B70-F427FF322316}.Release|x64.Build.0 = Release|x64
		{F7503B37-0A2E-44C0-98B2-6323B005CF1F}.Debug|Win32.ActiveCfg = Debug|Win32
		{F7503B37-0A2E-44C0-98B2-6323B005CF1F}.Debug|Win32.Build.0 = Debug|Win32
		{F7503B37-0A2E-44C0-98B2-6323B005CF1F}.Debug|x64.ActiveCfg = Debug|x64
		{F7503B37-0A2E-44C0-98B2-6323B005CF1F}.Debug|x64.Build.0 = Debug|x64
		{F7503B37-0A2E-44C0-98B2-6323B005CF1F}.Release|Win32.ActiveCfg = Release|Win32
		{F7503B37-0A2E-44C0-98B2-6323B005CF1F}.Release|Win32.Build.0 = Release|Win32
		{F7503B37-0A2E-44C0-98B2-6323B005CF1F}.Release|x64.ActiveCfg = Release|x64
		{F7503B37-0A2E-44C0-98B2-6323B005CF1F}.Release|x64.Build.0 = Release|x64
		{DD69089E-81D7-4BB2-8A3D-CBE3C94A8684}.Debug|Win32.ActiveCfg = Debug|Win32
		{DD69089E-81D7-4BB2-8A3D-CBE3C94A8684}.Debug|Win32.Build.0 = Debug|Win32
		{DD69089E-81D7-4BB2-8A3D-CBE3C94A8684}.Debug|x64.ActiveCfg = Debug|x64
		{DD69089E-81D7-4BB2-8A3D-CBE3C94A8684}.Debug|x64.Build.0 = Debug|x64
		{DD69089E-81D7-4BB2-8A3D-CBE3C94A8684}.Release|Win32.ActiveCfg = Release|Win32
		{DD69089E-81D7-4BB2-8A3D-CBE3C94A8684}.Release|Win32.Build.0 = Release|Win32
		{DD69089E-81D7-4BB2-8A3D-CBE3C94A8684}.Release|x64.ActiveCfg = Release|x64
		{DD69089E-81D7-4BB2-8A3D-CBE3C94A8684}.Release|x64.Build.0 = Release|x64
		{3E38CF8C-A0E7-2883-9D95-AE9F1835AE41}.Debug|Win32.ActiveCfg = Debug|Win32
		{3E38CF8C-A0E7-2883-9D95-AE9F1835AE41}.Debug|Win32.Build.0 = Debug|Win32
		{3E38CF8C-A0E7-2883-9D95-AE9F1835AE41}.Debug|x64.ActiveCfg = Debug|x64
		{3E38CF8C-A0E7-2883-9D95-AE9F1835AE41}.Debug|x64.Build.0 = Debug|x64
		{3E38CF8C-A0E7-2883-9D95-AE9F1835AE41}.Release|Win32.ActiveCfg = Release|Win32
		{3E38CF8C-A0E7-2883-9D95-AE9F1835AE41}.Release|Win32.Build.0 = Release|Win32
		{3E38CF8C-A0E7-2883-9D95-AE9F1835AE41}.Release|x64.ActiveCfg = Release|x64
		{3E38CF8C-A0E7-2883-9D95-AE9F1835AE41}.Release|x64.Build.0 = Release|x64
		{C3E8CA88-0A74-42D2-A35A-5C679D046A5D}.Debug|Win32.ActiveCfg = Debug|Win32
		{C3E8CA88-0A74-42D2-A35A-5C679D046A5D}.Debug|Win32.Build.0 = Debug|Win32
		{C3E8CA88-0A74-42D2-A35A-5C679D046A5D}.Debug|x64.ActiveCfg = Debug|x64
		{C3E8CA88-0A74-42D2-A35A-5C679D046A5D}.Debug|x64.Build.0 = Debug|x64
		{C3E8CA88-0A74-42D2-A35A-5C679D046A5D}.Release|Win32.ActiveCfg = Release|Win32
		{C3E8CA88-0A74-42D2-A35A-5C679D046A5D}.Release|Win32.Build.0 = Release|Win32
		{C3E8CA88-0A74-42D2-A35A-5C679D046A5D}.Release|x64.ActiveCfg = Release|x64
		{C3E8CA88-0A74-42D2-A35A-5C679D046A5D}.Release|x64.Build.0 = Release|x64
		{F8F0BCC4-F7F9-4CB9-B90F-126D905332CD}.Debug|Win32.ActiveCfg = Debug|Win32
		{F8F0BCC4-F7F9-4CB9-B90F-126D905332CD}.Debug|Win32.Build.0 = Debug|Win32
		{F8F0BCC4-F7F9-4CB9-B90F-126D905332CD}.Debug|x64.ActiveCfg = Debug|x64
		{F8F0BCC4-F7F9-4CB9-B90F-126D905332CD}.Debug|x64.Build.0 = Debug|x64
		{F8F0BCC4-F7F9-4CB9-B90F-126D905332CD}.Release|Win32.ActiveCfg = Release|Win32
		{F8F0BCC4-F7F9-4CB9-B90F-126D905332CD}.Release|Win32.Build.0 = Release|Win32
		{F8F0BCC4-F7F9-4CB9-B90F-126D905332CD}.Release|x64.ActiveCfg = Release|x64
		{F8F0BCC4-F7F9-4CB9-B90F-126D905332CD}.Release|x64.Build.0 = Release|x64
		{4BBC2643-70C2-4E6E-B031-0513117C26DE}.Debug|Win32.ActiveCfg = Debug|Win32
		{4BBC2643-70C2-4E6E-B031-0513117C26DE}.Debug|Win32.Build.0 = Debug|Win32
		{4BBC2643-70C2-4E6E-B031-0513117C26DE}.Debug|x64.ActiveCfg = Debug|x64
		{4BBC2643-70C2-4E6E-B031-0513117C26DE}.Debug|x64.Build.0 = Debug|x64
		{4BBC2643-70C2-4E6E-B031-0513117C26DE}.Release|Win32.ActiveCfg = Release|Win32
		{4BBC2643-70C2-4E6E-B031-0513117C26DE}.Release|Win32.Build.0 = Release|Win32
		{4BBC2643-70C2-4E6E-B031-0513117C26DE}.Release|x64.ActiveCfg = Release|x64
		{4BBC2643-70C2-4E6E-B031-0513117C26DE}.Release|x64.Build.0 = Release|x64
		{54B29F3A-B8C5-4EA3-A252-B3797471B8E9}.Debug|Win32.ActiveCfg = Debug|Win32
		{54B29F3A-B8C5-4EA3-A252-B3797471B8E9}.Debug|Win32.Build.0 = Debug|Win32
		{54B29F3A-B8C5-4EA3-A252-B3797471B8E9}.Debug|x64.ActiveCfg = Debug|x64
		{54B29F3A-B8C5-4EA3-A252-B3797471B8E9}.Debug|x64.Build.0 = Debug|x64
		{54B29F3A-B8C5-4EA3-A252-B3797471B8E9}.Release|Win32.ActiveCfg = Release|Win32
		{54B29F3A-B8C5-4EA3-A252-B3797471B8E9}.Release|Win32.Build.0 = Release|Win32
		{54B29F3A-B8C5-4EA3-A252-B3797471B8E9}.Release|x64.ActiveCfg = Release|x64
		{54B29F3A-B8C5-4EA3-A252-B3797471B8E9}.Release|x64.Build.0 = Release|x64
		{83476ED4-A4BA-467A-BEA0-8A3A2D59648C}.Debug|Win32.ActiveCfg = Debug|Win32
		{83476ED4-A4BA-467A-BEA0-8A3A2D59648C}.Debug|Win32.Build.0 = Debug|Win32
		{83476ED4-A4BA-467A-BEA0-8A3A2D59648C}.Debug|x64.ActiveCfg = Debug|x64
		{83476ED4-A4BA-467A-BEA0-8A3A2D59648C}.Debug|x64.Build.0 = Debug|x64
		{83476ED4-A4BA-467A-BEA0-8A3A2D59648C}.Release|Win32.ActiveCfg = Release|Win32
		{83476ED4-A4BA-467A-BEA0-8A3A2D59648C}.Release|Win32.Build.0 = Release|Win32
		{83476ED4-A4BA-467A-BEA0-8A3A2D59648C}.Release|x64.ActiveCfg = Release|x64
		{83476ED4-A4BA-467A-BEA0-8A3A2D59648C}.Release|x64.Build.0 = Release|x64
		{F328BD75-1300-475A-96A1-3A1757263F12}.Debug|Win32.ActiveCfg = Debug|Win32
		{F328BD75-1300-475A-96A1-3A1757263F12}.Debug|Win32.Build.0 = Debug|Win32
		{F328BD75-1300-475A-96A1-3A1757263F12}.Debug|x64.ActiveCfg = Debug|x64
		{F328BD75-1300-475A-96A1-3A1757263F12}.Debug|x64.Build.0 = Debug|x64
		{F328BD75-1300-475A-96A1-3A1757263F12}.Release|Win32.ActiveCfg = Release|Win32
		{F328BD75-1300-475A-96A1-3A1757263F12}.Release|Win32.Build.0 = Release|Win32
		{F328BD75-1300-475A-96A1-3A1757263F12}.Release|x64.ActiveCfg = Release|x64
		{F328BD75-1300-475A-96A1-3A1757263F12}.Release|x64.Build.0 = Release|x64
		{A503279C-0DF6-4E84-A396-66E930D0EE04}.Debug|Win32.ActiveCfg = Debug|Win32
		{A503279C-0DF6-4E84-A396-66E930D0EE04}.Debug|Win32.Build.0 = Debug|Win32
		{A503279C-0DF6-4E84-A396-66E930D0EE04}.Debug|x64.ActiveCfg = Debug|x64
		{A503279C-0DF6-4E84-A396-66E930D0EE04}.Debug|x64.Build.0 = Debug|x64
		{A503279C-0DF6-4E84-A396-66E930D0EE04}.Release|Win32.ActiveCfg = Release|Win32
		{A503279C-0DF6-4E84-A396-66E930D0EE04}.Release|Win32.Build.0 = Release|Win32
		{A503279C-0DF6-4E84-A396-66E930D0EE04}.Release|x64.ActiveCfg = Release|x64
		{A503279C-0DF6-4E84-A396-66E930D0EE04}.Release|x64.Build.0 = Release|x64
		{80B4D02B-CFDD-49AF-A6C8-914993E58FD2}.Debug|Win32.ActiveCfg = Debug|Win32
		{80B4D02B-CFDD-49AF-A6C8-914993E58FD2}.Debug|Win32.Build.0 = Debug|Win32
		{80B4D02B-CFDD-49AF-A6C8-914993E58FD2}.Debug|x64.ActiveCfg = Debug|x64
		{80B4D02B-CFDD-49AF-A6C8-914993E58FD2}.Debug|x64.Build.0 = Debug|x64
		{80B4D02B-CFDD-49AF-A6C8-914993E58FD2}.Release|Win32.ActiveCfg = Release|Win32
		{80B4D02B-CFDD-49AF-A6C8-914993E58FD2}.Release|Win32.Build.0 = Release|Win32
		{80B4D02B-CFDD-49AF-A6C8-914993E58FD2}.Release|x64.ActiveCfg = Release|x64
		{80B4D02B-CFDD-49AF-A6C8-914993E58FD2}.Release|x64.Build.0 = Release|x64
		{B45F7CE3-E5E6-4510-847F-5BAC039E1F19}.Debug|Win32.ActiveCfg = Debug|Win32
		{B45F7CE3-E5E6-4510-847F-5BAC039E1F19}.Debug|Win32.Build.0 = Debug|Win32
		{B45F7CE3-E5E6-4510-847F-5BAC039E1F19}.Debug|x64.ActiveCfg = Debug|x64
		{B45F7CE3-E5E6-4510-847F-5BAC039E1F19}.Debug|x64.Build.0 = Debug|x64
		{B45F7CE3-E5E6-4510-847F-5BAC039E1F19}.Release|Win32.ActiveCfg = Release|Win32
		{B45F7CE3-E5E6-4510-847F-5BAC039E1F19}.Release|Win32.Build.0 = Release|Win32
		{B45F7CE3-E5E6-4510-847F-5BAC039E1F19}.Release|x64.ActiveCfg = Release|x64
		{B45F7CE3-E5E6-4510-847F-5BAC039E1F19}.Release|x64.Build.0 = Release|x64
		{942A72D4-0E2C-1CB9-C878-7EEAA710E9EB}.Debug|Win32.ActiveCfg = Debug|Win32
		{942A72D4-0E2C-1CB9-C878-7EEAA710E9EB}.Debug|Win32.Build.0 = Debug|Win32
		{942A72D4-0E2C-1CB9-C878-7EEAA710E9EB}.Debug|x64.ActiveCfg = Debug|x64
		{942A72D4-0E2C-1CB9-C878-7EEAA710E9EB}.Debug|x64.Build.0 = Debug|x64
		{942A72D4-0E2C-1CB9-C878-7EEAA710E9EB}.Release|Win32.ActiveCfg = Release|Win32
		{942A72D4-0E2C-1CB9-C878-7EEAA710E9EB}.Release|Win32.Build.0 = Release|Win32
		{942A72D4-0E2C-1CB9-C878-7EEAA710E9EB}.Release|x64.ActiveCfg = Release|x64
		{942A72D4-0E2C-1CB9-C878-7EEAA710E9EB}.Release|x64.Build.0 = Release|x64
		{6A61E2F1-D314-4C0D-9721-14BC1747EF36}.Debug|Win32.ActiveCfg = Debug|Win32
		{6A61E2F1-D314-4C0D-9721-14BC1747EF36}.Debug|Win32.Build.0 = Debug|Win32
		{6A61E2F1-D314-4C0D-9721-14BC1747EF36}.Debug|x64.ActiveCfg = Debug|x64
		{6A61E2F1-D314-4C0D-9721-14BC1747EF36}.Debug|x64.Build.0 = Debug|x64
		{6A61E2F1-D314-4C0D-9721-14BC1747EF36}.Release|Win32.ActiveCfg = Release|Win32
		{6A61E2F1-D314-4C0D-9721-14BC1747EF36}.Release|Win32.Build.0 = Release|Win32
		{6A61E2F1-D314-4C0D-9721-14BC1747EF36}.Release|x64.ActiveCfg = Release|x64
		{6A61E2F1-D314-4C0D-9721-14BC1747EF36}.Release|x64.Build.0 = Release|x64
		{47C9817F-F497-45BF-90E6-5857F3128042}.Debug|Win32.ActiveCfg = Debug|Win32
		{47C9817F-F497-45BF-90E6-5857F3128042}.Debug|Win32.Build.0 = Debug|Win32
		{47C9817F-F497-45BF-90E6-5857F3128042}.Debug|x64.ActiveCfg = Debug|x64
		{47C9817F-F497-45BF-90E6-5857F3128042}.Debug|x64.Build.0 = Debug|x64
		{47C9817F-F497-45BF-90E6-5857F3128042}.Release|Win32.ActiveCfg = Release|Win32
		{47C9817F-F497-45BF-90E6-5857F3128042}.Release|Win32.Build.0 = Release|Win32
		{47C9817F-F497-45BF-90E6-5857F3128042}.Release|x64.ActiveCfg = Release|x64
		{47C9817F-F497-45BF-90E6-5857F3128042}.Release|x64.Build.0 = Release|x64
		{B7760B5E-BFA8-486B-ACFD-49E3A6DE8E76}.Debug|Win32.ActiveCfg = Debug|Win32
		{B7760B5E-BFA8-486B-ACFD-49E3A6DE8E76}.Debug|Win32.Build.0 = Debug|Win32
		{B7760B5E-BFA8-486B-ACFD-49E3A6DE8E76}.Debug|x64.ActiveCfg = Debug|x64
		{B7760B5E-BFA8-486B-ACFD-49E3A6DE8E76}.Debug|x64.Build.0 = Debug|x64
		{B7760B5E-BFA8-486B-ACFD-49E3A6DE8E76}.Release|Win32.ActiveCfg = Release|Win32
		{B7760B5E-BFA8-486B-ACFD-49E3A6DE8E76}.Release|Win32.Build.0 = Release|Win32
		{B7760B5E-BFA8-486B-ACFD-49E3A6DE8E76}.Release|x64.ActiveCfg = Release|x64
		{B7760B5E-BFA8-486B-ACFD-49E3A6DE8E76}.Release|x64.Build.0 = Release|x64
		{AF856AAE-D5FE-5F74-FC73-5ED5B1DF40EB}.Debug|Win32.ActiveCfg = Debug|Win32
		{AF856AAE-D5FE-5F74-FC73-5ED5B1DF40EB}.Debug|Win32.Build.0 = Debug|Win32
		{AF856AAE-D5FE-5F74-FC73-5ED5B1DF40EB}.Debug|x64.ActiveCfg = Debug|x64
		{AF856AAE-D5FE-5F74-FC73-5ED5B1DF40EB}.Debug|x64.Build.0 = Debug|x64
		{AF856AAE-D5FE-5F74-FC73-5ED5B1DF40EB}.Release|Win32.ActiveCfg = Release|Win32
		{AF856AAE-D5FE-5F74-FC73-5ED5B1DF40EB}.Release|Win32.Build.0 = Release|Win32
		{AF856AAE-D5FE-5F74-FC73-5ED5B1DF40EB}.Release|x64.ActiveCfg = Release|x64
		{AF856AAE-D5FE-5F74-FC73-5ED5B1DF40EB}.Release|x64.Build.0 = Release|x64
		{4D8956A7-545C-D682-0F42-47158B3928C6}.Debug|Win32.ActiveCfg = Debug|Win32
		{4D8956A7-545C-D682-0F42-47158B3928C6}.Debug|Win32.Build.0 = Debug|Win32
		{4D8956A7-545C-D682-0F42-47158B3928C6}.Debug|x64.ActiveCfg = Debug|x64
		{4D8956A7-545C-D682-0F42-47158B3928C6}.Debug|x64.Build.0 = Debug|x64
		{4D8956A7-545C-D682-0F42-47158B3928C6}.Release|Win32.ActiveCfg = Release|Win32
		{4D8956A7-545C-D682-0F42-47158B3928C6}.Release|Win32.Build.0 = Release|Win32
		{4D8956A7-545C-D682-0F42-47158B3928C6}.Release|x64.ActiveCfg = Release|x64
		{4D8956A7-545C-D682-0F42-47158B3928C6}.Release|x64.Build.0 = Release|x64
		{A20D3F81-B5D7-42EF-6F06-8C83EB85D193}.Debug|Win32.ActiveCfg = Debug|Win32
		{A20D3F81-B5D7-42EF-6F06-8C83EB85D193}.Debug|Win32.Build.0 = Debug|Win32
		{A20D3F81-B5D7-42EF-6F06-8C83EB85D193}.Debug|x64.ActiveCfg = Debug|x64
		{A20D3F81-B5D7-42EF-6F06-8C83EB85D193}.Debug|x64.Build.0 = Debug|x64
		{A20D3F81-B5D7-42EF-6F06-8C83EB85D193}.Release|Win32.ActiveCfg = Release|Win32
		{A20D3F81-B5D7-42EF-6F06-8C83EB85D193}.Release|Win32.Build.0 = Release|Win32
		{A20D3F81-B5D7-42EF-6F06-8C83EB85D193}.Release|x64.ActiveCfg = Release|x64
		{A20D3F81-B5D7-42EF-6F06-8C83EB85D193}.Release|x64.Build.0 = Release|x64
		{3A0016AA-AC89-6CC6-3EF1-AFE5DCD5B8E6}.Debug|Win32.ActiveCfg = Debug|Win32
		{3A0016AA-AC89-6CC6-3EF1-AFE5DCD5B8E6}.Debug|Win32.Build.0 = Debug|Win32
		{3A0016AA-AC89-6CC6-3EF1-AFE5DCD5B8E6}.Debug|x64.ActiveCfg = Debug|x64
		{3A0016AA-AC89-6CC6-3EF1-AFE5DCD5B8E6}.Debug|x64.Build.0 = Debug|x64
		{3A0016AA-AC89-6CC6-3EF1-AFE5DCD5B8E6}.Release|Win32.ActiveCfg = Release|Win32
		{3A0016AA-AC89-6CC6-3EF1-AFE5DCD5B8E6}.Release|Win32.Build.0 = Release|Win32
		{3A0016AA-AC89-6CC6-3EF1-AFE5DCD5B8E6}.Release|x64.ActiveCfg = Release|x64
		{3A0016AA-AC89-6CC6-3EF1-AFE5DCD5B8E6}.Release|x64.Build.0 = Release|x64
		{F20EF7EF-C145-53CA-920E-F55DE550D2E0}.Debug|Win32.ActiveCfg = Debug|Win32
		{F20EF7EF-C145-53CA-920E-F55DE550D2E0}.Debug|Win32.Build.0 = Debug|Win32
		{F20EF7EF-C145-53CA-920E-F55DE550D2E0}.Debug|x64.ActiveCfg = Debug|x64
		{F20EF7EF-C145-53CA-920E-F55DE550D2E0}.Debug|x64.Build.0 = Debug|x64
		{F20EF7EF-C145-53CA-920E-F55DE550D2E0}.Release|Win32.ActiveCfg = Release|Win32
		{F20EF7EF-C145-53CA-920E-F55DE550D2E0}.Release|Win32.Build.0 = Release|Win32
		{F20EF7EF-C145-53CA-920E-F55DE550D2E0}.Release|x64.ActiveCfg = Release|x64
		{F20EF7EF-C145-53CA-920E-F55DE550D2E0}.Release|x64.Build.0 = Release|x64
		{C2C9D8E4-BD22-451A-86C0-3DC542D95E57}.Debug|Win32.ActiveCfg = Debug|Win32
		{C2C9D8E4-BD22-451A-86C0-3DC542D95E57}.Debug|Win32.Build.0 = Debug|Win32
		{C2C9D8E4-BD22-451A-86C0-3DC542D95E57}.Debug|x64.ActiveCfg = Debug|x64
		{C2C9D8E4-BD22-451A-86C0-3DC542D95E57}.Debug|x64.Build.0 = Debug|x64
		{C2C9D8E4-BD22-451A-86C0-3DC542D95E57}.Release|Win32.ActiveCfg = Release|Win32
		{C2C9D8E4-BD22-451A-86C0-3DC542D95E57}.Release|Win32.Build.0 = Release|Win32
		{C2C9D8E4-BD22-451A-86C0-3DC542D95E57}.Release|x64.ActiveCfg = Release|x64
		{C2C9D8E4-BD22-451A-86C0-3DC542D95E57}.Release|x64.Build.0 = Release|x64
		{2C2F683A-D8A0-4243-ABA9-F25402D5BB70}.Debug|Win32.ActiveCfg = Debug|Win32
		{2C2F683A-D8A0-4243-ABA9-F25402D5BB70}.Debug|Win32.Build.0 = Debug|Win32
		{2C2F683A-D8A0-4243-ABA9-F25402D5BB70}.Debug|x64.ActiveCfg = Debug|x64
		{2C2F683A-D8A0-4243-ABA9-F25402D5BB70}.Debug|x64.Build.0 = Debug|x64
		{2C2F683A-D8A0-4243-ABA9-F25402D5BB70}.Release|Win32.ActiveCfg = Release|Win32
		{2C2F683A-D8A0-4243-ABA9-F25402D5BB70}.Release|Win32.Build.0 = Release|Win32
		{2C2F683A-D8A0-4243-ABA9-F25402D5BB70}.Release|x64.ActiveCfg = Release|x64
		{2C2F683A-D8A0-4243-ABA9-F25402D5BB70}.Release|x64.Build.0 = Release|x64
		{4DE64DE5-23E0-4B76-AD76-AD5CB18E4CE9}.Debug|Win32.ActiveCfg = Debug|Win32
		{4DE64DE5-23E0-4B76-AD76-AD5CB18E4CE9}.Debug|Win32.Build.0 = Debug|Win32
		{4DE64DE5-23E0-4B76-AD76-AD5CB18E4CE9}.Debug|x64.ActiveCfg = Debug|x64
		{4DE64DE5-23E0-4B76-AD76-AD5CB18E4CE9}.Debug|x64.Build.0 = Debug|x64
		{4DE64DE5-23E0-4B76-AD76-AD5CB18E4CE9}.Release|Win32.ActiveCfg = Release|Win32
		{4DE64DE5-23E0-4B76-AD76-AD5CB18E4CE9}.Release|Win32.Build.0 = Release|Win32
		{4DE64DE5-23E0-4B76-AD76-AD5CB18E4CE9}.Release|x64.ActiveCfg = Release|x64
		{4DE64DE5-23E0-4B76-AD76-AD5CB18E4CE9}.Release|x64.Build.0 = Release|x64
		{53D72B01-A8BD-4273-A8D9-01A89C768063}.Debug|Win32.ActiveCfg = Debug|Win32
		{53D72B01-A8BD-4273-A8D9-01A89C768063}.Debug|Win32.Build.0 = Debug|Win32
		{53D72B01-A8BD-4273-A8D9-01A89C768063}.Debug|x64.ActiveCfg = Debug|x64
		{53D72B01-A8BD-4273-A8D9-01A89C768063}.Debug|x64.Build.0 = Debug|x64
		{53D72B01-A8BD-4273-A8D9-01A89C768063}.Release|Win32.ActiveCfg = Release|Win32
		{53D72B01-A8BD-4273-A8D9-01A89C768063}.Release|Win32.Build.0 = Release|Win32
		{53D72B01-A8BD-4273-A8D9-01A89C768063}.Release|x64.ActiveCfg = Release|x64
		{53D72B01-A8BD-4273-A8D9-01A89C768063}.Release|x64.Build.0 = Release|x64
		{58BF83ED-41A3-4456-A651-9BA4202A6FE0}.Debug|Win32.ActiveCfg = Debug|Win32
		{58BF83ED-41A3-4456-A651-9BA4202A6FE0}.Debug|Win32.Build.0 = Debug|Win32
		{58BF83ED-41A3-4456-A651-9BA4202A6FE0}.Debug|x64.ActiveCfg = Debug|x64
		{58BF83ED-41A3-4456-A651-9BA4202A6FE0}.Debug|x64.Build.0 = Debug|x64
		{58BF83ED-41A3-4456-A651-9BA4202A6FE0}.Release|Win32.ActiveCfg = Release|Win32
		{58BF83ED-41A3-4456-A651-9BA4202A6FE0}.Release|Win32.Build.0 = Release|Win32
		{58BF83ED-41A3-4456-A651-9BA4202A6FE0}.Release|x64.ActiveCfg = Release|x64
		{58BF83ED-41A3-4456-A651-9BA4202A6FE0}.Release|x64.Build.0 = Release|x64
	EndGlobalSection
	GlobalSection(SolutionProperties) = preSolution
		HideSolutionNode = FALSE
	EndGlobalSection
	GlobalSection(NestedProjects) = preSolution
		{DD69089E-81D7-4BB2-8A3D-CBE3C94A8684} = {C178ED2E-340F-4256-BE30-0B280B531AF5}
		{C3E8CA88-0A74-42D2-A35A-5C679D046A5D} = {C178ED2E-340F-4256-BE30-0B280B531AF5}
		{F8F0BCC4-F7F9-4CB9-B90F-126D905332CD} = {C178ED2E-340F-4256-BE30-0B280B531AF5}
		{4BBC2643-70C2-4E6E-B031-0513117C26DE} = {C178ED2E-340F-4256-BE30-0B280B531AF5}
		{942A72D4-0E2C-1CB9-C878-7EEAA710E9EB} = {C178ED2E-340F-4256-BE30-0B280B531AF5}
		{05FFADE4-2B93-C899-00CA-AA717CA7A077} = {C178ED2E-340F-4256-BE30-0B280B531AF5}
		{47C9817F-F497-45BF-90E6-5857F3128042} = {C178ED2E-340F-4256-BE30-0B280B531AF5}
		{21D62F7D-C196-4917-9D78-ABF8AEA96177} = {C178ED2E-340F-4256-BE30-0B280B531AF5}
		{B7760B5E-BFA8-486B-ACFD-49E3A6DE8E76} = {21D62F7D-C196-4917-9D78-ABF8AEA96177}
		{AF856AAE-D5FE-5F74-FC73-5ED5B1DF40EB} = {21D62F7D-C196-4917-9D78-ABF8AEA96177}
		{4D8956A7-545C-D682-0F42-47158B3928C6} = {21D62F7D-C196-4917-9D78-ABF8AEA96177}
		{A20D3F81-B5D7-42EF-6F06-8C83EB85D193} = {21D62F7D-C196-4917-9D78-ABF8AEA96177}
		{3A0016AA-AC89-6CC6-3EF1-AFE5DCD5B8E6} = {21D62F7D-C196-4917-9D78-ABF8AEA96177}
		{F20EF7EF-C145-53CA-920E-F55DE550D2E0} = {21D62F7D-C196-4917-9D78-ABF8AEA96177}
	EndGlobalSection
EndGlobal
