
Microsoft Visual Studio Solution File, Format Version 10.00
# Visual Studio 2008
Project("{8BC9CEB8-8B4A-11D0-8D11-00A0C91BC942}") = "nvpr_svg", "nvpr_svg.vcproj", "{3E38CF8C-A0E7-2883-9D95-AE9F1835AE41}"
	ProjectSection(ProjectDependencies) = postProject
		{C670F209-F21F-445C-A315-25D97974AFCC} = {C670F209-F21F-445C-A315-25D97974AFCC}
		{4BBC2643-70C2-4E6E-B031-0513117C26DE} = {4BBC2643-70C2-4E6E-B031-0513117C26DE}
		{C3E8CA88-0A74-42D2-A35A-5C679D046A5D} = {C3E8CA88-0A74-42D2-A35A-5C679D046A5D}
		{DD69089E-81D7-4BB2-8A3D-CBE3C94A8684} = {DD69089E-81D7-4BB2-8A3D-CBE3C94A8684}
		{F8F0BCC4-F7F9-4CB9-B90F-126D905332CD} = {F8F0BCC4-F7F9-4CB9-B90F-126D905332CD}
	EndProjectSection
	ProjectSection(WebsiteProperties) = preProject
		Debug.AspNetCompiler.Debug = "True"
		Release.AspNetCompiler.Debug = "False"
	EndProjectSection
EndProject
Project("{8BC9CEB8-8B4A-11D0-8D11-00A0C91BC942}") = "cg4cpp_2008", "..\..\cg4cpp\src\cg4cpp_2008.vcproj", "{DD69089E-81D7-4BB2-8A3D-CBE3C94A8684}"
	ProjectSection(WebsiteProperties) = preProject
		Debug.AspNetCompiler.Debug = "True"
		Release.AspNetCompiler.Debug = "False"
	EndProjectSection
EndProject
Project("{8BC9CEB8-8B4A-11D0-8D11-00A0C91BC942}") = "skia", "..\skia\skia_2008.vcproj", "{C670F209-F21F-445C-A315-25D97974AFCC}"
EndProject
Project("{8BC9CEB8-8B4A-11D0-8D11-00A0C91BC942}") = "openvg_ri", "..\openvg-1_1-ri\ri_package\ri\openvg_ri_2008.vcproj", "{4BBC2643-70C2-4E6E-B031-0513117C26DE}"
EndProject
Project("{8BC9CEB8-8B4A-11D0-8D11-00A0C91BC942}") = "cairo-1.9.6", "..\cairo-1.9.6\cairo-1.9.6_2008.vcproj", "{C3E8CA88-0A74-42D2-A35A-5C679D046A5D}"
EndProject
Project("{8BC9CEB8-8B4A-11D0-8D11-00A0C91BC942}") = "pixman-0.18.2", "..\pixman-0.18.2\pixman-0.18.2_2008.vcproj", "{F8F0BCC4-F7F9-4CB9-B90F-126D905332CD}"
EndProject
Global
	GlobalSection(SolutionConfigurationPlatforms) = preSolution
		Debug|Win32 = Debug|Win32
		Debug|x64 = Debug|x64
		Release|Win32 = Release|Win32
		Release|x64 = Release|x64
	EndGlobalSection
	GlobalSection(ProjectConfigurationPlatforms) = postSolution
		{3E38CF8C-A0E7-2883-9D95-AE9F1835AE41}.Debug|Win32.ActiveCfg = Debug|Win32
		{3E38CF8C-A0E7-2883-9D95-AE9F1835AE41}.Debug|Win32.Build.0 = Debug|Win32
		{3E38CF8C-A0E7-2883-9D95-AE9F1835AE41}.Debug|x64.ActiveCfg = Debug|x64
		{3E38CF8C-A0E7-2883-9D95-AE9F1835AE41}.Debug|x64.Build.0 = Debug|x64
		{3E38CF8C-A0E7-2883-9D95-AE9F1835AE41}.Release|Win32.ActiveCfg = Release|Win32
		{3E38CF8C-A0E7-2883-9D95-AE9F1835AE41}.Release|Win32.Build.0 = Release|Win32
		{3E38CF8C-A0E7-2883-9D95-AE9F1835AE41}.Release|x64.ActiveCfg = Release|x64
		{3E38CF8C-A0E7-2883-9D95-AE9F1835AE41}.Release|x64.Build.0 = Release|x64
		{DD69089E-81D7-4BB2-8A3D-CBE3C94A8684}.Debug|Win32.ActiveCfg = Debug|Win32
		{DD69089E-81D7-4BB2-8A3D-CBE3C94A8684}.Debug|Win32.Build.0 = Debug|Win32
		{DD69089E-81D7-4BB2-8A3D-CBE3C94A8684}.Debug|x64.ActiveCfg = Debug|x64
		{DD69089E-81D7-4BB2-8A3D-CBE3C94A8684}.Debug|x64.Build.0 = Debug|x64
		{DD69089E-81D7-4BB2-8A3D-CBE3C94A8684}.Release|Win32.ActiveCfg = Release|Win32
		{DD69089E-81D7-4BB2-8A3D-CBE3C94A8684}.Release|Win32.Build.0 = Release|Win32
		{DD69089E-81D7-4BB2-8A3D-CBE3C94A8684}.Release|x64.ActiveCfg = Release|x64
		{DD69089E-81D7-4BB2-8A3D-CBE3C94A8684}.Release|x64.Build.0 = Release|x64
		{C670F209-F21F-445C-A315-25D97974AFCC}.Debug|Win32.ActiveCfg = Debug|Win32
		{C670F209-F21F-445C-A315-25D97974AFCC}.Debug|Win32.Build.0 = Debug|Win32
		{C670F209-F21F-445C-A315-25D97974AFCC}.Debug|x64.ActiveCfg = Debug|x64
		{C670F209-F21F-445C-A315-25D97974AFCC}.Debug|x64.Build.0 = Debug|x64
		{C670F209-F21F-445C-A315-25D97974AFCC}.Release|Win32.ActiveCfg = Release|Win32
		{C670F209-F21F-445C-A315-25D97974AFCC}.Release|Win32.Build.0 = Release|Win32
		{C670F209-F21F-445C-A315-25D97974AFCC}.Release|x64.ActiveCfg = Release|x64
		{C670F209-F21F-445C-A315-25D97974AFCC}.Release|x64.Build.0 = Release|x64
		{4BBC2643-70C2-4E6E-B031-0513117C26DE}.Debug|Win32.ActiveCfg = Debug|Win32
		{4BBC2643-70C2-4E6E-B031-0513117C26DE}.Debug|Win32.Build.0 = Debug|Win32
		{4BBC2643-70C2-4E6E-B031-0513117C26DE}.Debug|x64.ActiveCfg = Debug|x64
		{4BBC2643-70C2-4E6E-B031-0513117C26DE}.Debug|x64.Build.0 = Debug|x64
		{4BBC2643-70C2-4E6E-B031-0513117C26DE}.Release|Win32.ActiveCfg = Release|Win32
		{4BBC2643-70C2-4E6E-B031-0513117C26DE}.Release|Win32.Build.0 = Release|Win32
		{4BBC2643-70C2-4E6E-B031-0513117C26DE}.Release|x64.ActiveCfg = Release|x64
		{4BBC2643-70C2-4E6E-B031-0513117C26DE}.Release|x64.Build.0 = Release|x64
		{C3E8CA88-0A74-42D2-A35A-5C679D046A5D}.Debug|Win32.ActiveCfg = Debug|Win32
		{C3E8CA88-0A74-42D2-A35A-5C679D046A5D}.Debug|Win32.Build.0 = Debug|Win32
		{C3E8CA88-0A74-42D2-A35A-5C679D046A5D}.Debug|x64.ActiveCfg = Debug|x64
		{C3E8CA88-0A74-42D2-A35A-5C679D046A5D}.Debug|x64.Build.0 = Debug|x64
		{C3E8CA88-0A74-42D2-A35A-5C679D046A5D}.Release|Win32.ActiveCfg = Release|Win32
		{C3E8CA88-0A74-42D2-A35A-5C679D046A5D}.Release|Win32.Build.0 = Release|Win32
		{C3E8CA88-0A74-42D2-A35A-5C679D046A5D}.Release|x64.ActiveCfg = Release|x64
		{C3E8CA88-0A74-42D2-A35A-5C679D046A5D}.Release|x64.Build.0 = Release|x64
		{F8F0BCC4-F7F9-4CB9-B90F-126D905332CD}.Debug|Win32.ActiveCfg = Debug|Win32
		{F8F0BCC4-F7F9-4CB9-B90F-126D905332CD}.Debug|Win32.Build.0 = Debug|Win32
		{F8F0BCC4-F7F9-4CB9-B90F-126D905332CD}.Debug|x64.ActiveCfg = Debug|x64
		{F8F0BCC4-F7F9-4CB9-B90F-126D905332CD}.Debug|x64.Build.0 = Debug|x64
		{F8F0BCC4-F7F9-4CB9-B90F-126D905332CD}.Release|Win32.ActiveCfg = Release|Win32
		{F8F0BCC4-F7F9-4CB9-B90F-126D905332CD}.Release|Win32.Build.0 = Release|Win32
		{F8F0BCC4-F7F9-4CB9-B90F-126D905332CD}.Release|x64.ActiveCfg = Release|x64
		{F8F0BCC4-F7F9-4CB9-B90F-126D905332CD}.Release|x64.Build.0 = Release|x64
	EndGlobalSection
	GlobalSection(SolutionProperties) = preSolution
		HideSolutionNode = FALSE
	EndGlobalSection
EndGlobal
